
Microsoft Visual Studio Solution File, Format Version 12.00
# Visual Studio 15
VisualStudioVersion = 15.0.28307.539
MinimumVisualStudioVersion = 10.0.40219.1
Project("{FAE04EC0-301F-11D3-BF4B-00C04F79EFBC}") = "B19_Ex01_01", "B19_Ex01_01\B19_Ex01_01.csproj", "{8BD61ED5-6A9B-46DD-96D9-0F55446992CC}"
EndProject
Project("{FAE04EC0-301F-11D3-BF4B-00C04F79EFBC}") = "B19_Ex01_02", "B19_Ex01_02\B19_Ex01_02.csproj", "{D1D86F38-E190-4640-8351-AFDC0A25F638}"
EndProject
Project("{FAE04EC0-301F-11D3-BF4B-00C04F79EFBC}") = "B19_Ex01_03", "B19_Ex01_03\B19_Ex01_03.csproj", "{5FF2A74C-2135-41E8-9C7E-9B17E5BA22F5}"
EndProject
Project("{FAE04EC0-301F-11D3-BF4B-00C04F79EFBC}") = "B19_Ex01_04", "B19_Ex01_04\B19_Ex01_04.csproj", "{368101F2-6135-4668-874A-518A85D07F1F}"
EndProject
Project("{FAE04EC0-301F-11D3-BF4B-00C04F79EFBC}") = "B19_Ex01_05", "B19_Ex01_05\B19_Ex01_05.csproj", "{AF5D1027-0D16-4F6E-A69E-907F281194CC}"
EndProject
Global
	GlobalSection(SolutionConfigurationPlatforms) = preSolution
		Debug|Any CPU = Debug|Any CPU
		Release|Any CPU = Release|Any CPU
	EndGlobalSection
	GlobalSection(ProjectConfigurationPlatforms) = postSolution
		{8BD61ED5-6A9B-46DD-96D9-0F55446992CC}.Debug|Any CPU.ActiveCfg = Debug|Any CPU
		{8BD61ED5-6A9B-46DD-96D9-0F55446992CC}.Debug|Any CPU.Build.0 = Debug|Any CPU
		{8BD61ED5-6A9B-46DD-96D9-0F55446992CC}.Release|Any CPU.ActiveCfg = Release|Any CPU
		{8BD61ED5-6A9B-46DD-96D9-0F55446992CC}.Release|Any CPU.Build.0 = Release|Any CPU
		{D1D86F38-E190-4640-8351-AFDC0A25F638}.Debug|Any CPU.ActiveCfg = Debug|Any CPU
		{D1D86F38-E190-4640-8351-AFDC0A25F638}.Debug|Any CPU.Build.0 = Debug|Any CPU
		{D1D86F38-E190-4640-8351-AFDC0A25F638}.Release|Any CPU.ActiveCfg = Release|Any CPU
		{D1D86F38-E190-4640-8351-AFDC0A25F638}.Release|Any CPU.Build.0 = Release|Any CPU
		{5FF2A74C-2135-41E8-9C7E-9B17E5BA22F5}.Debug|Any CPU.ActiveCfg = Debug|Any CPU
		{5FF2A74C-2135-41E8-9C7E-9B17E5BA22F5}.Debug|Any CPU.Build.0 = Debug|Any CPU
		{5FF2A74C-2135-41E8-9C7E-9B17E5BA22F5}.Release|Any CPU.ActiveCfg = Release|Any CPU
		{5FF2A74C-2135-41E8-9C7E-9B17E5BA22F5}.Release|Any CPU.Build.0 = Release|Any CPU
		{368101F2-6135-4668-874A-518A85D07F1F}.Debug|Any CPU.ActiveCfg = Debug|Any CPU
		{368101F2-6135-4668-874A-518A85D07F1F}.Debug|Any CPU.Build.0 = Debug|Any CPU
		{368101F2-6135-4668-874A-518A85D07F1F}.Release|Any CPU.ActiveCfg = Release|Any CPU
		{368101F2-6135-4668-874A-518A85D07F1F}.Release|Any CPU.Build.0 = Release|Any CPU
		{AF5D1027-0D16-4F6E-A69E-907F281194CC}.Debug|Any CPU.ActiveCfg = Debug|Any CPU
		{AF5D1027-0D16-4F6E-A69E-907F281194CC}.Debug|Any CPU.Build.0 = Debug|Any CPU
		{AF5D1027-0D16-4F6E-A69E-907F281194CC}.Release|Any CPU.ActiveCfg = Release|Any CPU
		{AF5D1027-0D16-4F6E-A69E-907F281194CC}.Release|Any CPU.Build.0 = Release|Any CPU
	EndGlobalSection
	GlobalSection(SolutionProperties) = preSolution
		HideSolutionNode = FALSE
	EndGlobalSection
	GlobalSection(ExtensibilityGlobals) = postSolution
		SolutionGuid = {236E636E-0780-495E-966D-A33D5757AE1B}
	EndGlobalSection
EndGlobal
